// !$*UTF8*$!
{
	archiveVersion = 1;
	classes = {
	};
	objectVersion = 46;
	objects = {

/* Begin PBXBuildFile section */
		2438D1CB1B1086B900B480ED /* AppDelegate.swift in Sources */ = {isa = PBXBuildFile; fileRef = 2438D1CA1B1086B900B480ED /* AppDelegate.swift */; };
		2438D1CD1B1086B900B480ED /* ViewController.swift in Sources */ = {isa = PBXBuildFile; fileRef = 2438D1CC1B1086B900B480ED /* ViewController.swift */; };
		2438D1D01B1086B900B480ED /* Main.storyboard in Resources */ = {isa = PBXBuildFile; fileRef = 2438D1CE1B1086B900B480ED /* Main.storyboard */; };
		2438D1D21B1086B900B480ED /* Images.xcassets in Resources */ = {isa = PBXBuildFile; fileRef = 2438D1D11B1086B900B480ED /* Images.xcassets */; };
		2438D1D51B1086B900B480ED /* LaunchScreen.xib in Resources */ = {isa = PBXBuildFile; fileRef = 2438D1D31B1086B900B480ED /* LaunchScreen.xib */; };
		2438D1E11B1086B900B480ED /* GourmetSearchTests.swift in Sources */ = {isa = PBXBuildFile; fileRef = 2438D1E01B1086B900B480ED /* GourmetSearchTests.swift */; };
/* End PBXBuildFile section */

/* Begin PBXContainerItemProxy section */
		2438D1DB1B1086B900B480ED /* PBXContainerItemProxy */ = {
			isa = PBXContainerItemProxy;
			containerPortal = 2438D1BD1B1086B900B480ED /* Project object */;
			proxyType = 1;
			remoteGlobalIDString = 2438D1C41B1086B900B480ED;
			remoteInfo = GourmetSearch;
		};
/* End PBXContainerItemProxy section */

/* Begin PBXFileReference section */
		2438D1C51B1086B900B480ED /* GourmetSearch.app */ = {isa = PBXFileReference; explicitFileType = wrapper.application; includeInIndex = 0; path = GourmetSearch.app; sourceTree = BUILT_PRODUCTS_DIR; };
		2438D1C91B1086B900B480ED /* Info.plist */ = {isa = PBXFileReference; lastKnownFileType = text.plist.xml; path = Info.plist; sourceTree = "<group>"; };
		2438D1CA1B1086B900B480ED /* AppDelegate.swift */ = {isa = PBXFileReference; lastKnownFileType = sourcecode.swift; path = AppDelegate.swift; sourceTree = "<group>"; };
		2438D1CC1B1086B900B480ED /* ViewController.swift */ = {isa = PBXFileReference; lastKnownFileType = sourcecode.swift; path = ViewController.swift; sourceTree = "<group>"; };
		2438D1CF1B1086B900B480ED /* Base */ = {isa = PBXFileReference; lastKnownFileType = file.storyboard; name = Base; path = Base.lproj/Main.storyboard; sourceTree = "<group>"; };
		2438D1D11B1086B900B480ED /* Images.xcassets */ = {isa = PBXFileReference; lastKnownFileType = folder.assetcatalog; path = Images.xcassets; sourceTree = "<group>"; };
		2438D1D41B1086B900B480ED /* Base */ = {isa = PBXFileReference; lastKnownFileType = file.xib; name = Base; path = Base.lproj/LaunchScreen.xib; sourceTree = "<group>"; };
		2438D1DA1B1086B900B480ED /* GourmetSearchTests.xctest */ = {isa = PBXFileReference; explicitFileType = wrapper.cfbundle; includeInIndex = 0; path = GourmetSearchTests.xctest; sourceTree = BUILT_PRODUCTS_DIR; };
		2438D1DF1B1086B900B480ED /* Info.plist */ = {isa = PBXFileReference; lastKnownFileType = text.plist.xml; path = Info.plist; sourceTree = "<group>"; };
		2438D1E01B1086B900B480ED /* GourmetSearchTests.swift */ = {isa = PBXFileReference; lastKnownFileType = sourcecode.swift; path = GourmetSearchTests.swift; sourceTree = "<group>"; };
/* End PBXFileReference section */

/* Begin PBXFrameworksBuildPhase section */
		2438D1C21B1086B900B480ED /* Frameworks */ = {
			isa = PBXFrameworksBuildPhase;
			buildActionMask = 2147483647;
			files = (
			);
			runOnlyForDeploymentPostprocessing = 0;
		};
		2438D1D71B1086B900B480ED /* Frameworks */ = {
			isa = PBXFrameworksBuildPhase;
			buildActionMask = 2147483647;
			files = (
			);
			runOnlyForDeploymentPostprocessing = 0;
		};
/* End PBXFrameworksBuildPhase section */

/* Begin PBXGroup section */
		2438D1BC1B1086B900B480ED = {
			isa = PBXGroup;
			children = (
				2438D1C71B1086B900B480ED /* GourmetSearch */,
				2438D1DD1B1086B900B480ED /* GourmetSearchTests */,
				2438D1C61B1086B900B480ED /* Products */,
			);
			sourceTree = "<group>";
		};
		2438D1C61B1086B900B480ED /* Products */ = {
			isa = PBXGroup;
			children = (
				2438D1C51B1086B900B480ED /* GourmetSearch.app */,
				2438D1DA1B1086B900B480ED /* GourmetSearchTests.xctest */,
			);
			name = Products;
			sourceTree = "<group>";
		};
		2438D1C71B1086B900B480ED /* GourmetSearch */ = {
			isa = PBXGroup;
			children = (
				2438D1CA1B1086B900B480ED /* AppDelegate.swift */,
				2438D1CC1B1086B900B480ED /* ViewController.swift */,
				2438D1CE1B1086B900B480ED /* Main.storyboard */,
				2438D1D11B1086B900B480ED /* Images.xcassets */,
				2438D1D31B1086B900B480ED /* LaunchScreen.xib */,
				2438D1C81B1086B900B480ED /* Supporting Files */,
			);
			path = GourmetSearch;
			sourceTree = "<group>";
		};
		2438D1C81B1086B900B480ED /* Supporting Files */ = {
			isa = PBXGroup;
			children = (
				2438D1C91B1086B900B480ED /* Info.plist */,
			);
			name = "Supporting Files";
			sourceTree = "<group>";
		};
		2438D1DD1B1086B900B480ED /* GourmetSearchTests */ = {
			isa = PBXGroup;
			children = (
				2438D1E01B1086B900B480ED /* GourmetSearchTests.swift */,
				2438D1DE1B1086B900B480ED /* Supporting Files */,
			);
			path = GourmetSearchTests;
			sourceTree = "<group>";
		};
		2438D1DE1B1086B900B480ED /* Supporting Files */ = {
			isa = PBXGroup;
			children = (
				2438D1DF1B1086B900B480ED /* Info.plist */,
			);
			name = "Supporting Files";
			sourceTree = "<group>";
		};
/* End PBXGroup section */

/* Begin PBXNativeTarget section */
		2438D1C41B1086B900B480ED /* GourmetSearch */ = {
			isa = PBXNativeTarget;
			buildConfigurationList = 2438D1E41B1086B900B480ED /* Build configuration list for PBXNativeTarget "GourmetSearch" */;
			buildPhases = (
				2438D1C11B1086B900B480ED /* Sources */,
				2438D1C21B1086B900B480ED /* Frameworks */,
				2438D1C31B1086B900B480ED /* Resources */,
			);
			buildRules = (
			);
			dependencies = (
			);
			name = GourmetSearch;
			productName = GourmetSearch;
			productReference = 2438D1C51B1086B900B480ED /* GourmetSearch.app */;
			productType = "com.apple.product-type.application";
		};
		2438D1D91B1086B900B480ED /* GourmetSearchTests */ = {
			isa = PBXNativeTarget;
			buildConfigurationList = 2438D1E71B1086B900B480ED /* Build configuration list for PBXNativeTarget "GourmetSearchTests" */;
			buildPhases = (
				2438D1D61B1086B900B480ED /* Sources */,
				2438D1D71B1086B900B480ED /* Frameworks */,
				2438D1D81B1086B900B480ED /* Resources */,
			);
			buildRules = (
			);
			dependencies = (
				2438D1DC1B1086B900B480ED /* PBXTargetDependency */,
			);
			name = GourmetSearchTests;
			productName = GourmetSearchTests;
			productReference = 2438D1DA1B1086B900B480ED /* GourmetSearchTests.xctest */;
			productType = "com.apple.product-type.bundle.unit-test";
		};
/* End PBXNativeTarget section */

/* Begin PBXProject section */
		2438D1BD1B1086B900B480ED /* Project object */ = {
			isa = PBXProject;
			attributes = {
				LastUpgradeCheck = 0620;
				ORGANIZATIONNAME = "岩瀬　駿";
				TargetAttributes = {
					2438D1C41B1086B900B480ED = {
						CreatedOnToolsVersion = 6.2;
					};
					2438D1D91B1086B900B480ED = {
						CreatedOnToolsVersion = 6.2;
						TestTargetID = 2438D1C41B1086B900B480ED;
					};
				};
			};
			buildConfigurationList = 2438D1C01B1086B900B480ED /* Build configuration list for PBXProject "GourmetSearch" */;
			compatibilityVersion = "Xcode 3.2";
			developmentRegion = English;
			hasScannedForEncodings = 0;
			knownRegions = (
				en,
				Base,
			);
			mainGroup = 2438D1BC1B1086B900B480ED;
			productRefGroup = 2438D1C61B1086B900B480ED /* Products */;
			projectDirPath = "";
			projectRoot = "";
			targets = (
				2438D1C41B1086B900B480ED /* GourmetSearch */,
				2438D1D91B1086B900B480ED /* GourmetSearchTests */,
			);
		};
/* End PBXProject section */

/* Begin PBXResourcesBuildPhase section */
		2438D1C31B1086B900B480ED /* Resources */ = {
			isa = PBXResourcesBuildPhase;
			buildActionMask = 2147483647;
			files = (
				2438D1D01B1086B900B480ED /* Main.storyboard in Resources */,
				2438D1D51B1086B900B480ED /* LaunchScreen.xib in Resources */,
				2438D1D21B1086B900B480ED /* Images.xcassets in Resources */,
			);
			runOnlyForDeploymentPostprocessing = 0;
		};
		2438D1D81B1086B900B480ED /* Resources */ = {
			isa = PBXResourcesBuildPhase;
			buildActionMask = 2147483647;
			files = (
			);
			runOnlyForDeploymentPostprocessing = 0;
		};
/* End PBXResourcesBuildPhase section */

/* Begin PBXSourcesBuildPhase section */
		2438D1C11B1086B900B480ED /* Sources */ = {
			isa = PBXSourcesBuildPhase;
			buildActionMask = 2147483647;
			files = (
				2438D1CD1B1086B900B480ED /* ViewController.swift in Sources */,
				2438D1CB1B1086B900B480ED /* AppDelegate.swift in Sources */,
			);
			runOnlyForDeploymentPostprocessing = 0;
		};
		2438D1D61B1086B900B480ED /* Sources */ = {
			isa = PBXSourcesBuildPhase;
			buildActionMask = 2147483647;
			files = (
				2438D1E11B1086B900B480ED /* GourmetSearchTests.swift in Sources */,
			);
			runOnlyForDeploymentPostprocessing = 0;
		};
/* End PBXSourcesBuildPhase section */

/* Begin PBXTargetDependency section */
		2438D1DC1B1086B900B480ED /* PBXTargetDependency */ = {
			isa = PBXTargetDependency;
			target = 2438D1C41B1086B900B480ED /* GourmetSearch */;
			targetProxy = 2438D1DB1B1086B900B480ED /* PBXContainerItemProxy */;
		};
/* End PBXTargetDependency section */

/* Begin PBXVariantGroup section */
		2438D1CE1B1086B900B480ED /* Main.storyboard */ = {
			isa = PBXVariantGroup;
			children = (
				2438D1CF1B1086B900B480ED /* Base */,
			);
			name = Main.storyboard;
			sourceTree = "<group>";
		};
		2438D1D31B1086B900B480ED /* LaunchScreen.xib */ = {
			isa = PBXVariantGroup;
			children = (
				2438D1D41B1086B900B480ED /* Base */,
			);
			name = LaunchScreen.xib;
			sourceTree = "<group>";
		};
/* End PBXVariantGroup section */

/* Begin XCBuildConfiguration section */
		2438D1E21B1086B900B480ED /* Debug */ = {
			isa = XCBuildConfiguration;
			buildSettings = {
				ALWAYS_SEARCH_USER_PATHS = NO;
				CLANG_CXX_LANGUAGE_STANDARD = "gnu++0x";
				CLANG_CXX_LIBRARY = "libc++";
				CLANG_ENABLE_MODULES = YES;
				CLANG_ENABLE_OBJC_ARC = YES;
				CLANG_WARN_BOOL_CONVERSION = YES;
				CLANG_WARN_CONSTANT_CONVERSION = YES;
				CLANG_WARN_DIRECT_OBJC_ISA_USAGE = YES_ERROR;
				CLANG_WARN_EMPTY_BODY = YES;
				CLANG_WARN_ENUM_CONVERSION = YES;
				CLANG_WARN_INT_CONVERSION = YES;
				CLANG_WARN_OBJC_ROOT_CLASS = YES_ERROR;
				CLANG_WARN_UNREACHABLE_CODE = YES;
				CLANG_WARN__DUPLICATE_METHOD_MATCH = YES;
				"CODE_SIGN_IDENTITY[sdk=iphoneos*]" = "iPhone Developer";
				COPY_PHASE_STRIP = NO;
				ENABLE_STRICT_OBJC_MSGSEND = YES;
				GCC_C_LANGUAGE_STANDARD = gnu99;
				GCC_DYNAMIC_NO_PIC = NO;
				GCC_OPTIMIZATION_LEVEL = 0;
				GCC_PREPROCESSOR_DEFINITIONS = (
					"DEBUG=1",
					"$(inherited)",
				);
				GCC_SYMBOLS_PRIVATE_EXTERN = NO;
				GCC_WARN_64_TO_32_BIT_CONVERSION = YES;
				GCC_WARN_ABOUT_RETURN_TYPE = YES_ERROR;
				GCC_WARN_UNDECLARED_SELECTOR = YES;
				GCC_WARN_UNINITIALIZED_AUTOS = YES_AGGRESSIVE;
				GCC_WARN_UNUSED_FUNCTION = YES;
				GCC_WARN_UNUSED_VARIABLE = YES;
				IPHONEOS_DEPLOYMENT_TARGET = 8.2;
				MTL_ENABLE_DEBUG_INFO = YES;
				ONLY_ACTIVE_ARCH = YES;
				SDKROOT = iphoneos;
				SWIFT_OPTIMIZATION_LEVEL = "-Onone";
			};
			name = Debug;
		};
		2438D1E31B1086B900B480ED /* Release */ = {
			isa = XCBuildConfiguration;
			buildSettings = {
				ALWAYS_SEARCH_USER_PATHS = NO;
				CLANG_CXX_LANGUAGE_STANDARD = "gnu++0x";
				CLANG_CXX_LIBRARY = "libc++";
				CLANG_ENABLE_MODULES = YES;
				CLANG_ENABLE_OBJC_ARC = YES;
				CLANG_WARN_BOOL_CONVERSION = YES;
				CLANG_WARN_CONSTANT_CONVERSION = YES;
				CLANG_WARN_DIRECT_OBJC_ISA_USAGE = YES_ERROR;
				CLANG_WARN_EMPTY_BODY = YES;
				CLANG_WARN_ENUM_CONVERSION = YES;
				CLANG_WARN_INT_CONVERSION = YES;
				CLANG_WARN_OBJC_ROOT_CLASS = YES_ERROR;
				CLANG_WARN_UNREACHABLE_CODE = YES;
				CLANG_WARN__DUPLICATE_METHOD_MATCH = YES;
				"CODE_SIGN_IDENTITY[sdk=iphoneos*]" = "iPhone Developer";
				COPY_PHASE_STRIP = NO;
				ENABLE_NS_ASSERTIONS = NO;
				ENABLE_STRICT_OBJC_MSGSEND = YES;
				GCC_C_LANGUAGE_STANDARD = gnu99;
				GCC_WARN_64_TO_32_BIT_CONVERSION = YES;
				GCC_WARN_ABOUT_RETURN_TYPE = YES_ERROR;
				GCC_WARN_UNDECLARED_SELECTOR = YES;
				GCC_WARN_UNINITIALIZED_AUTOS = YES_AGGRESSIVE;
				GCC_WARN_UNUSED_FUNCTION = YES;
				GCC_WARN_UNUSED_VARIABLE = YES;
				IPHONEOS_DEPLOYMENT_TARGET = 8.2;
				MTL_ENABLE_DEBUG_INFO = NO;
				SDKROOT = iphoneos;
				VALIDATE_PRODUCT = YES;
			};
			name = Release;
		};
		2438D1E51B1086B900B480ED /* Debug */ = {
			isa = XCBuildConfiguration;
			buildSettings = {
				ASSETCATALOG_COMPILER_APPICON_NAME = AppIcon;
				INFOPLIST_FILE = GourmetSearch/Info.plist;
				LD_RUNPATH_SEARCH_PATHS = "$(inherited) @executable_path/Frameworks";
				PRODUCT_NAME = "$(TARGET_NAME)";
			};
			name = Debug;
		};
		2438D1E61B1086B900B480ED /* Release */ = {
			isa = XCBuildConfiguration;
			buildSettings = {
				ASSETCATALOG_COMPILER_APPICON_NAME = AppIcon;
				INFOPLIST_FILE = GourmetSearch/Info.plist;
				LD_RUNPATH_SEARCH_PATHS = "$(inherited) @executable_path/Frameworks";
				PRODUCT_NAME = "$(TARGET_NAME)";
			};
			name = Release;
		};
		2438D1E81B1086B900B480ED /* Debug */ = {
			isa = XCBuildConfiguration;
			buildSettings = {
				BUNDLE_LOADER = "$(TEST_HOST)";
				FRAMEWORK_SEARCH_PATHS = (
					"$(SDKROOT)/Developer/Library/Frameworks",
					"$(inherited)",
				);
				GCC_PREPROCESSOR_DEFINITIONS = (
					"DEBUG=1",
					"$(inherited)",
				);
				INFOPLIST_FILE = GourmetSearchTests/Info.plist;
				LD_RUNPATH_SEARCH_PATHS = "$(inherited) @executable_path/Frameworks @loader_path/Frameworks";
				PRODUCT_NAME = "$(TARGET_NAME)";
				TEST_HOST = "$(BUILT_PRODUCTS_DIR)/GourmetSearch.app/GourmetSearch";
			};
			name = Debug;
		};
		2438D1E91B1086B900B480ED /* Release */ = {
			isa = XCBuildConfiguration;
			buildSettings = {
				BUNDLE_LOADER = "$(TEST_HOST)";
				FRAMEWORK_SEARCH_PATHS = (
					"$(SDKROOT)/Developer/Library/Frameworks",
					"$(inherited)",
				);
				INFOPLIST_FILE = GourmetSearchTests/Info.plist;
				LD_RUNPATH_SEARCH_PATHS = "$(inherited) @executable_path/Frameworks @loader_path/Frameworks";
				PRODUCT_NAME = "$(TARGET_NAME)";
				TEST_HOST = "$(BUILT_PRODUCTS_DIR)/GourmetSearch.app/GourmetSearch";
			};
			name = Release;
		};
/* End XCBuildConfiguration section */

/* Begin XCConfigurationList section */
		2438D1C01B1086B900B480ED /* Build configuration list for PBXProject "GourmetSearch" */ = {
			isa = XCConfigurationList;
			buildConfigurations = (
				2438D1E21B1086B900B480ED /* Debug */,
				2438D1E31B1086B900B480ED /* Release */,
			);
			defaultConfigurationIsVisible = 0;
			defaultConfigurationName = Release;
		};
		2438D1E41B1086B900B480ED /* Build configuration list for PBXNativeTarget "GourmetSearch" */ = {
			isa = XCConfigurationList;
			buildConfigurations = (
				2438D1E51B1086B900B480ED /* Debug */,
				2438D1E61B1086B900B480ED /* Release */,
			);
			defaultConfigurationIsVisible = 0;
		};
		2438D1E71B1086B900B480ED /* Build configuration list for PBXNativeTarget "GourmetSearchTests" */ = {
			isa = XCConfigurationList;
			buildConfigurations = (
				2438D1E81B1086B900B480ED /* Debug */,
				2438D1E91B1086B900B480ED /* Release */,
			);
			defaultConfigurationIsVisible = 0;
		};
/* End XCConfigurationList section */
	};
	rootObject = 2438D1BD1B1086B900B480ED /* Project object */;
}
